
Microsoft Visual Studio Solution File, Format Version 12.00
# Visual Studio 14
VisualStudioVersion = 14.0.23107.0
MinimumVisualStudioVersion = 10.0.40219.1
Project("{FAE04EC0-301F-11D3-BF4B-00C04F79EFBC}") = "PackerMerge", "PackerMerge\PackerMerge.csproj", "{DDDE4D9B-8B6E-48E2-911B-BA715F253014}"
EndProject
Global
	GlobalSection(SolutionConfigurationPlatforms) = preSolution
		Debug|Any CPU = Debug|Any CPU
		Release|Any CPU = Release|Any CPU
	EndGlobalSection
	GlobalSection(ProjectConfigurationPlatforms) = postSolution
		{DDDE4D9B-8B6E-48E2-911B-BA715F253014}.Debug|Any CPU.ActiveCfg = Debug|Any CPU
		{DDDE4D9B-8B6E-48E2-911B-BA715F253014}.Debug|Any CPU.Build.0 = Debug|Any CPU
		{DDDE4D9B-8B6E-48E2-911B-BA715F253014}.Release|Any CPU.ActiveCfg = Release|Any CPU
		{DDDE4D9B-8B6E-48E2-911B-BA715F253014}.Release|Any CPU.Build.0 = Release|Any CPU
	EndGlobalSection
	GlobalSection(SolutionProperties) = preSolution
		HideSolutionNode = FALSE
	EndGlobalSection
EndGlobal
